
Microsoft Visual Studio Solution File, Format Version 12.00
# Visual Studio Version 17
VisualStudioVersion = 17.13.35828.75
MinimumVisualStudioVersion = 10.0.40219.1
Project("{FAE04EC0-301F-11D3-BF4B-00C04F79EFBC}") = "PKzen", "PKzen\PKzen.csproj", "{A2D266F0-5B49-41A7-90C4-C9D6FA3F5E4D}"
EndProject
Global
	GlobalSection(SolutionConfigurationPlatforms) = preSolution
		Debug|Any CPU = Debug|Any CPU
		Release|Any CPU = Release|Any CPU
	EndGlobalSection
	GlobalSection(ProjectConfigurationPlatforms) = postSolution
		{A2D266F0-5B49-41A7-90C4-C9D6FA3F5E4D}.Debug|Any CPU.ActiveCfg = Debug|Any CPU
		{A2D266F0-5B49-41A7-90C4-C9D6FA3F5E4D}.Debug|Any CPU.Build.0 = Debug|Any CPU
		{A2D266F0-5B49-41A7-90C4-C9D6FA3F5E4D}.Release|Any CPU.ActiveCfg = Release|Any CPU
		{A2D266F0-5B49-41A7-90C4-C9D6FA3F5E4D}.Release|Any CPU.Build.0 = Release|Any CPU
	EndGlobalSection
	GlobalSection(SolutionProperties) = preSolution
		HideSolutionNode = FALSE
	EndGlobalSection
	GlobalSection(ExtensibilityGlobals) = postSolution
		SolutionGuid = {E2AF8D02-BAE8-4F8C-9CFD-C0DC4A0D89A2}
	EndGlobalSection
EndGlobal
